<?xml version="1.0" encoding="utf-8"?>
<Project ToolsVersion="4.0" xmlns="http://schemas.microsoft.com/developer/msbuild/2003">
  <ItemGroup>
    <Filter Include="Source Files">
      <UniqueIdentifier>{4FC737F1-C7A5-4376-A066-2A32D752A2FF}</UniqueIdentifier>
      <Extensions>cpp;c;cc;cxx;def;odl;idl;hpj;bat;asm;asmx</Extensions>
    </Filter>
    <Filter Include="Header Files">
      <UniqueIdentifier>{93995380-89BD-4b04-88EB-625FBE52EBFB}</UniqueIdentifier>
      <Extensions>h;hh;hpp;hxx;hm;inl;inc;ipp;xsd</Extensions>
    </Filter>
    <Filter Include="Resource Files">
      <UniqueIdentifier>{67DA6AB6-F800-4c08-8B7A-83BB121AAD01}</UniqueIdentifier>
      <Extensions>rc;ico;cur;bmp;dlg;rc2;rct;bin;rgs;gif;jpg;jpeg;jpe;resx;tiff;tif;png;wav;mfcribbon-ms</Extensions>
    </Filter>
    <Filter Include="Header Files\thirdparty">
      <UniqueIdentifier>{70307712-cd1d-4575-856b-63fab75bd32d}</UniqueIdentifier>
    </Filter>
    <Filter Include="Source Files\ex1_getting_started">
      <UniqueIdentifier>{27cb38f5-8b7a-4e21-95fc-e714fba2b23e}</UniqueIdentifier>
    </Filter>
    <Filter Include="Source Files\ex1_getting_started\ex1_1_hello_window">
      <UniqueIdentifier>{ed70a8e8-78e4-41c0-ba4f-0c9bcd731bfa}</UniqueIdentifier>
    </Filter>
    <Filter Include="Source Files\ex1_getting_started\ex1_2_hello_triangle">
      <UniqueIdentifier>{67188316-c851-4c65-aa14-5ec8b70396d2}</UniqueIdentifier>
    </Filter>
    <Filter Include="Source Files\ex1_getting_started\ex1_3_shaders">
      <UniqueIdentifier>{98d825dd-8137-4464-a292-a2f69938188d}</UniqueIdentifier>
    </Filter>
    <Filter Include="Source Files\ex1_getting_started\ex1_4_textures">
      <UniqueIdentifier>{bcb608f6-2d64-4d29-9075-05b15ce309b5}</UniqueIdentifier>
    </Filter>
    <Filter Include="Source Files\ex1_getting_started\ex1_5_transformations">
      <UniqueIdentifier>{691b3838-a18a-446d-a1b9-765877b7d175}</UniqueIdentifier>
    </Filter>
    <Filter Include="Source Files\ex1_getting_started\ex1_6_coordinate_systems">
      <UniqueIdentifier>{78684507-ad71-46d9-bf5a-a098de16ceaf}</UniqueIdentifier>
    </Filter>
    <Filter Include="Source Files\thirdparty">
      <UniqueIdentifier>{022bdfe9-b3fa-4a54-b7c8-e26a0b74070e}</UniqueIdentifier>
    </Filter>
    <Filter Include="Header Files\thirdparty\dear_imgui">
      <UniqueIdentifier>{e652c78a-cc3b-488e-b69b-8310c0ed8a87}</UniqueIdentifier>
    </Filter>
    <Filter Include="Source Files\thirdparty\dear_imgui">
      <UniqueIdentifier>{03d76781-2526-41f0-96a2-b728a6913097}</UniqueIdentifier>
    </Filter>
    <Filter Include="Source Files\ex1_getting_started\ex1_7_camera">
      <UniqueIdentifier>{b06a1600-5a7a-48f8-9c4b-35b011276dd7}</UniqueIdentifier>
    </Filter>
  </ItemGroup>
  <ItemGroup>
    <ClCompile Include="thirdparty\glad\src\glad.c">
      <Filter>Source Files</Filter>
    </ClCompile>
    <ClCompile Include="src\main.cpp">
      <Filter>Source Files</Filter>
    </ClCompile>
    <ClCompile Include="src\exercise_base.cpp">
      <Filter>Source Files</Filter>
    </ClCompile>
    <ClCompile Include="src\helper\shader_program.cpp">
      <Filter>Source Files</Filter>
    </ClCompile>
    <ClCompile Include="thirdparty\dear_imgui\imgui.cpp">
      <Filter>Source Files\thirdparty\dear_imgui</Filter>
    </ClCompile>
    <ClCompile Include="thirdparty\dear_imgui\imgui_impl_glfw_gl3.cpp">
      <Filter>Source Files\thirdparty\dear_imgui</Filter>
    </ClCompile>
    <ClCompile Include="thirdparty\dear_imgui\imgui_demo.cpp">
      <Filter>Source Files\thirdparty\dear_imgui</Filter>
    </ClCompile>
    <ClCompile Include="thirdparty\dear_imgui\imgui_draw.cpp">
      <Filter>Source Files\thirdparty\dear_imgui</Filter>
    </ClCompile>
  </ItemGroup>
  <ItemGroup>
    <ClInclude Include="src\exercise_base.h">
      <Filter>Header Files</Filter>
    </ClInclude>
    <ClInclude Include="src\ex1_getting_started\ex1_1_hello_window\ex1_1_hello_window.hpp">
      <Filter>Source Files\ex1_getting_started\ex1_1_hello_window</Filter>
    </ClInclude>
    <ClInclude Include="src\ex1_getting_started\ex1_2_hello_triangle\ex1_2_hello_triangle.hpp">
      <Filter>Source Files\ex1_getting_started\ex1_2_hello_triangle</Filter>
    </ClInclude>
    <ClInclude Include="src\ex1_getting_started\ex1_2_hello_triangle\ex1_2_hello_triangle_1.hpp">
      <Filter>Source Files\ex1_getting_started\ex1_2_hello_triangle</Filter>
    </ClInclude>
    <ClInclude Include="src\ex1_getting_started\ex1_2_hello_triangle\ex1_2_hello_triangle_2.hpp">
      <Filter>Source Files\ex1_getting_started\ex1_2_hello_triangle</Filter>
    </ClInclude>
    <ClInclude Include="src\ex1_getting_started\ex1_2_hello_triangle\ex1_2_hello_triangle_3.hpp">
      <Filter>Source Files\ex1_getting_started\ex1_2_hello_triangle</Filter>
    </ClInclude>
    <ClInclude Include="src\ex1_getting_started\ex1_3_shaders\ex1_3_shaders.hpp">
      <Filter>Source Files\ex1_getting_started\ex1_3_shaders</Filter>
    </ClInclude>
    <ClInclude Include="src\helper\shader_program.h">
      <Filter>Header Files</Filter>
    </ClInclude>
    <ClInclude Include="src\ex1_getting_started\ex1_3_shaders\ex1_3_shaders_1.hpp">
      <Filter>Source Files\ex1_getting_started\ex1_3_shaders</Filter>
    </ClInclude>
    <ClInclude Include="thirdparty\stb\stb_image.h">
      <Filter>Header Files\thirdparty</Filter>
    </ClInclude>
    <ClInclude Include="src\ex1_getting_started\ex1_4_textures\ex1_4_textures.hpp">
      <Filter>Source Files\ex1_getting_started\ex1_4_textures</Filter>
    </ClInclude>
    <ClInclude Include="src\ex1_getting_started\ex1_5_transformations\ex1_5_transformations.hpp">
      <Filter>Source Files\ex1_getting_started\ex1_5_transformations</Filter>
    </ClInclude>
    <ClInclude Include="src\ex1_getting_started\ex1_6_coordinate_systems\ex1_6_coordinate_systems.hpp">
      <Filter>Source Files\ex1_getting_started\ex1_6_coordinate_systems</Filter>
    </ClInclude>
    <ClInclude Include="thirdparty\dear_imgui\imgui_impl_glfw_gl3.h">
      <Filter>Header Files\thirdparty\dear_imgui</Filter>
    </ClInclude>
    <ClInclude Include="thirdparty\dear_imgui\imgui.h">
      <Filter>Header Files\thirdparty\dear_imgui</Filter>
    </ClInclude>
    <ClInclude Include="thirdparty\dear_imgui\imconfig.h">
      <Filter>Header Files\thirdparty\dear_imgui</Filter>
    </ClInclude>
    <ClInclude Include="thirdparty\dear_imgui\imgui_internal.h">
      <Filter>Header Files\thirdparty\dear_imgui</Filter>
    </ClInclude>
    <ClInclude Include="thirdparty\dear_imgui\stb_rect_pack.h">
      <Filter>Header Files\thirdparty\dear_imgui</Filter>
    </ClInclude>
    <ClInclude Include="thirdparty\dear_imgui\stb_textedit.h">
      <Filter>Header Files\thirdparty\dear_imgui</Filter>
    </ClInclude>
    <ClInclude Include="thirdparty\dear_imgui\stb_truetype.h">
      <Filter>Header Files\thirdparty\dear_imgui</Filter>
    </ClInclude>
    <ClInclude Include="src\ex1_getting_started\ex1_7_camera\ex1_7_camera.hpp">
      <Filter>Source Files\ex1_getting_started\ex1_7_camera</Filter>
    </ClInclude>
  </ItemGroup>
</Project>